github.com/govalues/decimal v0.1.29 h1:GKC5g9y9oWxKIy51czdHTShOABwHm/shVuOVPwG415M=
github.com/govalues/decimal v0.1.29/go.mod h1:LUlHHucpCmA4rJfNrDvMgrWibDpYnDNWqJuNU1/gxW8=
github.com/rickb777/date/v2 v2.1.2 h1:kjb7YPYsziqD5LqEQMm+nZFxP/qjAmCtki5m9RWGpUo=
github.com/rickb777/date/v2 v2.1.2/go.mod h1:s1GbZ+nMr55R1wA66Q+e8vxUP061WDV+p3fCGpznQTU=
github.com/rickb777/period v1.0.5 h1:jAzlI2knYam5VMy0X8eYgqJBl0ew57N+J1djJSBOulM=
github.com/rickb777/period v1.0.5/go.mod h1:AmEwpgIShi3EEw34qbafoPJxVeRbv9VVtjLyOeRwK6c=
github.com/rickb777/plural v1.4.2 h1:Kl/syFGLFZ5EbuV8c9SVud8s5HI2HpCCtOMw2U1kS+A=
github.com/rickb777/plural v1.4.2/go.mod h1:kdmXUpmKBJTS0FtG/TFumd//VBWsNTD7zOw7x4umxNw=
gopkg.in/check.v1 v0.0.0-20161208181325-20d25e280405/go.mod h1:Co6ibVJAznAaIkqp8huTwlJQCZ016jof/cbN4VW5Yz0=
gopkg.in/yaml.v3 v3.0.1 h1:fxVm/GzAzEWqLHuvctI91KS9hhNmmWOoWu0XTYJS7CA=
gopkg.in/yaml.v3 v3.0.1/go.mod h1:K4uyk7z7BCEPqu6E+C64Yfv1cQ7kz7rIZviUmN+EgEM=
